
Microsoft Visual Studio Solution File, Format Version 12.00
# Visual Studio Version 17
VisualStudioVersion = 17.4.33110.190
MinimumVisualStudioVersion = 10.0.40219.1
Project("{FAE04EC0-301F-11D3-BF4B-00C04F79EFBC}") = "CircleSize", "CircleSize\CircleSize.csproj", "{F98661CA-DA82-4D6C-A610-8E5B7AFF6AAE}"
EndProject
Global
	GlobalSection(SolutionConfigurationPlatforms) = preSolution
		Debug|Any CPU = Debug|Any CPU
		Release|Any CPU = Release|Any CPU
	EndGlobalSection
	GlobalSection(ProjectConfigurationPlatforms) = postSolution
		{F98661CA-DA82-4D6C-A610-8E5B7AFF6AAE}.Debug|Any CPU.ActiveCfg = Debug|Any CPU
		{F98661CA-DA82-4D6C-A610-8E5B7AFF6AAE}.Debug|Any CPU.Build.0 = Debug|Any CPU
		{F98661CA-DA82-4D6C-A610-8E5B7AFF6AAE}.Release|Any CPU.ActiveCfg = Release|Any CPU
		{F98661CA-DA82-4D6C-A610-8E5B7AFF6AAE}.Release|Any CPU.Build.0 = Release|Any CPU
	EndGlobalSection
	GlobalSection(SolutionProperties) = preSolution
		HideSolutionNode = FALSE
	EndGlobalSection
	GlobalSection(ExtensibilityGlobals) = postSolution
		SolutionGuid = {5320D16F-28E2-477E-8D1D-ECF6E38482C8}
	EndGlobalSection
EndGlobal
